
Microsoft Visual Studio Solution File, Format Version 12.00
# Visual Studio Version 17
VisualStudioVersion = 17.0.31903.59
MinimumVisualStudioVersion = 10.0.40219.1
Project("{FAE04EC0-301F-11D3-BF4B-00C04F79EFBC}") = "CodeWalker.Core", "CodeWalker.Core\CodeWalker.Core.csproj", "{442F0C13-5F7E-44A9-85C7-230F8A994FB0}"
EndProject
Project("{FAE04EC0-301F-11D3-BF4B-00C04F79EFBC}") = "RageLightEditor", "RageLightEditor\RageLightEditor.csproj", "{F4A62884-2292-4195-AF79-D18F9F554469}"
EndProject
Project("{FAE04EC0-301F-11D3-BF4B-00C04F79EFBC}") = "RageTools.Mcp", "RageTools.Mcp\RageTools.Mcp.csproj", "{07005274-BF62-4A5E-83A7-CD02C7B985FA}"
EndProject
Global
	GlobalSection(SolutionConfigurationPlatforms) = preSolution
		Debug|Any CPU = Debug|Any CPU
		Debug|x64 = Debug|x64
		Debug|x86 = Debug|x86
		Release|Any CPU = Release|Any CPU
		Release|x64 = Release|x64
		Release|x86 = Release|x86
	EndGlobalSection
	GlobalSection(ProjectConfigurationPlatforms) = postSolution
		{442F0C13-5F7E-44A9-85C7-230F8A994FB0}.Debug|Any CPU.ActiveCfg = Debug|Any CPU
		{442F0C13-5F7E-44A9-85C7-230F8A994FB0}.Debug|Any CPU.Build.0 = Debug|Any CPU
		{442F0C13-5F7E-44A9-85C7-230F8A994FB0}.Debug|x64.ActiveCfg = Debug|Any CPU
		{442F0C13-5F7E-44A9-85C7-230F8A994FB0}.Debug|x64.Build.0 = Debug|Any CPU
		{442F0C13-5F7E-44A9-85C7-230F8A994FB0}.Debug|x86.ActiveCfg = Debug|Any CPU
		{442F0C13-5F7E-44A9-85C7-230F8A994FB0}.Debug|x86.Build.0 = Debug|Any CPU
		{442F0C13-5F7E-44A9-85C7-230F8A994FB0}.Release|Any CPU.ActiveCfg = Release|Any CPU
		{442F0C13-5F7E-44A9-85C7-230F8A994FB0}.Release|Any CPU.Build.0 = Release|Any CPU
		{442F0C13-5F7E-44A9-85C7-230F8A994FB0}.Release|x64.ActiveCfg = Release|Any CPU
		{442F0C13-5F7E-44A9-85C7-230F8A994FB0}.Release|x64.Build.0 = Release|Any CPU
		{442F0C13-5F7E-44A9-85C7-230F8A994FB0}.Release|x86.ActiveCfg = Release|Any CPU
		{442F0C13-5F7E-44A9-85C7-230F8A994FB0}.Release|x86.Build.0 = Release|Any CPU
		{F4A62884-2292-4195-AF79-D18F9F554469}.Debug|Any CPU.ActiveCfg = Debug|Any CPU
		{F4A62884-2292-4195-AF79-D18F9F554469}.Debug|Any CPU.Build.0 = Debug|Any CPU
		{F4A62884-2292-4195-AF79-D18F9F554469}.Debug|x64.ActiveCfg = Debug|Any CPU
		{F4A62884-2292-4195-AF79-D18F9F554469}.Debug|x64.Build.0 = Debug|Any CPU
		{F4A62884-2292-4195-AF79-D18F9F554469}.Debug|x86.ActiveCfg = Debug|Any CPU
		{F4A62884-2292-4195-AF79-D18F9F554469}.Debug|x86.Build.0 = Debug|Any CPU
		{F4A62884-2292-4195-AF79-D18F9F554469}.Release|Any CPU.ActiveCfg = Release|Any CPU
		{F4A62884-2292-4195-AF79-D18F9F554469}.Release|Any CPU.Build.0 = Release|Any CPU
		{F4A62884-2292-4195-AF79-D18F9F554469}.Release|x64.ActiveCfg = Release|Any CPU
		{F4A62884-2292-4195-AF79-D18F9F554469}.Release|x64.Build.0 = Release|Any CPU
		{F4A62884-2292-4195-AF79-D18F9F554469}.Release|x86.ActiveCfg = Release|Any CPU
		{F4A62884-2292-4195-AF79-D18F9F554469}.Release|x86.Build.0 = Release|Any CPU
		{07005274-BF62-4A5E-83A7-CD02C7B985FA}.Debug|Any CPU.ActiveCfg = Debug|Any CPU
		{07005274-BF62-4A5E-83A7-CD02C7B985FA}.Debug|Any CPU.Build.0 = Debug|Any CPU
		{07005274-BF62-4A5E-83A7-CD02C7B985FA}.Debug|x64.ActiveCfg = Debug|Any CPU
		{07005274-BF62-4A5E-83A7-CD02C7B985FA}.Debug|x64.Build.0 = Debug|Any CPU
		{07005274-BF62-4A5E-83A7-CD02C7B985FA}.Debug|x86.ActiveCfg = Debug|Any CPU
		{07005274-BF62-4A5E-83A7-CD02C7B985FA}.Debug|x86.Build.0 = Debug|Any CPU
		{07005274-BF62-4A5E-83A7-CD02C7B985FA}.Release|Any CPU.ActiveCfg = Release|Any CPU
		{07005274-BF62-4A5E-83A7-CD02C7B985FA}.Release|Any CPU.Build.0 = Release|Any CPU
		{07005274-BF62-4A5E-83A7-CD02C7B985FA}.Release|x64.ActiveCfg = Release|Any CPU
		{07005274-BF62-4A5E-83A7-CD02C7B985FA}.Release|x64.Build.0 = Release|Any CPU
		{07005274-BF62-4A5E-83A7-CD02C7B985FA}.Release|x86.ActiveCfg = Release|Any CPU
		{07005274-BF62-4A5E-83A7-CD02C7B985FA}.Release|x86.Build.0 = Release|Any CPU
	EndGlobalSection
	GlobalSection(SolutionProperties) = preSolution
		HideSolutionNode = FALSE
	EndGlobalSection
EndGlobal
